
Microsoft Visual Studio Solution File, Format Version 12.00
# Visual Studio 15
VisualStudioVersion = 15.0.27130.2003
MinimumVisualStudioVersion = 10.0.40219.1
Project("{FAE04EC0-301F-11D3-BF4B-00C04F79EFBC}") = "ToDoList", "ToDoList\ToDoList.csproj", "{E308D95F-083E-484E-9D46-4F34B673ABA5}"
EndProject
Global
	GlobalSection(SolutionConfigurationPlatforms) = preSolution
		Debug|Any CPU = Debug|Any CPU
		Release|Any CPU = Release|Any CPU
	EndGlobalSection
	GlobalSection(ProjectConfigurationPlatforms) = postSolution
		{E308D95F-083E-484E-9D46-4F34B673ABA5}.Debug|Any CPU.ActiveCfg = Debug|Any CPU
		{E308D95F-083E-484E-9D46-4F34B673ABA5}.Debug|Any CPU.Build.0 = Debug|Any CPU
		{E308D95F-083E-484E-9D46-4F34B673ABA5}.Release|Any CPU.ActiveCfg = Release|Any CPU
		{E308D95F-083E-484E-9D46-4F34B673ABA5}.Release|Any CPU.Build.0 = Release|Any CPU
	EndGlobalSection
	GlobalSection(SolutionProperties) = preSolution
		HideSolutionNode = FALSE
	EndGlobalSection
	GlobalSection(ExtensibilityGlobals) = postSolution
		SolutionGuid = {24085EAA-A5A3-4214-BF8D-0A3D6524B441}
	EndGlobalSection
EndGlobal
